
Microsoft Visual Studio Solution File, Format Version 12.00
# Visual Studio Version 17
VisualStudioVersion = 17.14.36518.9 d17.14
MinimumVisualStudioVersion = 10.0.40219.1
Project("{FAE04EC0-301F-11D3-BF4B-00C04F79EFBC}") = "IfsAcademicSystem.RazorPages", "IfsAcademicSystem.RazorPages.csproj", "{875C2755-C27E-45FF-B5D4-985B43C132F6}"
EndProject
Global
	GlobalSection(SolutionConfigurationPlatforms) = preSolution
		Debug|Any CPU = Debug|Any CPU
		Release|Any CPU = Release|Any CPU
	EndGlobalSection
	GlobalSection(ProjectConfigurationPlatforms) = postSolution
		{875C2755-C27E-45FF-B5D4-985B43C132F6}.Debug|Any CPU.ActiveCfg = Debug|Any CPU
		{875C2755-C27E-45FF-B5D4-985B43C132F6}.Debug|Any CPU.Build.0 = Debug|Any CPU
		{875C2755-C27E-45FF-B5D4-985B43C132F6}.Release|Any CPU.ActiveCfg = Release|Any CPU
		{875C2755-C27E-45FF-B5D4-985B43C132F6}.Release|Any CPU.Build.0 = Release|Any CPU
	EndGlobalSection
	GlobalSection(SolutionProperties) = preSolution
		HideSolutionNode = FALSE
	EndGlobalSection
	GlobalSection(ExtensibilityGlobals) = postSolution
		SolutionGuid = {6014D642-7FB4-4A23-9AE6-35B49AB1050A}
	EndGlobalSection
EndGlobal
